
Microsoft Visual Studio Solution File, Format Version 12.00
# Visual Studio Version 16
VisualStudioVersion = 16.0.31112.23
MinimumVisualStudioVersion = 10.0.40219.1
Project("{FAE04EC0-301F-11D3-BF4B-00C04F79EFBC}") = "Core", "Core\Core.csproj", "{EF354CB3-60D4-492B-ADBE-EEA14710C875}"
EndProject
Project("{FAE04EC0-301F-11D3-BF4B-00C04F79EFBC}") = "CoreTests", "CoreTests\CoreTests.csproj", "{1A31A89B-BD0E-401B-809D-C842DD83CD91}"
EndProject
Global
	GlobalSection(SolutionConfigurationPlatforms) = preSolution
		Debug|Any CPU = Debug|Any CPU
		Release|Any CPU = Release|Any CPU
	EndGlobalSection
	GlobalSection(ProjectConfigurationPlatforms) = postSolution
		{EF354CB3-60D4-492B-ADBE-EEA14710C875}.Debug|Any CPU.ActiveCfg = Debug|Any CPU
		{EF354CB3-60D4-492B-ADBE-EEA14710C875}.Debug|Any CPU.Build.0 = Debug|Any CPU
		{EF354CB3-60D4-492B-ADBE-EEA14710C875}.Release|Any CPU.ActiveCfg = Release|Any CPU
		{EF354CB3-60D4-492B-ADBE-EEA14710C875}.Release|Any CPU.Build.0 = Release|Any CPU
		{1A31A89B-BD0E-401B-809D-C842DD83CD91}.Debug|Any CPU.ActiveCfg = Debug|Any CPU
		{1A31A89B-BD0E-401B-809D-C842DD83CD91}.Debug|Any CPU.Build.0 = Debug|Any CPU
		{1A31A89B-BD0E-401B-809D-C842DD83CD91}.Release|Any CPU.ActiveCfg = Release|Any CPU
		{1A31A89B-BD0E-401B-809D-C842DD83CD91}.Release|Any CPU.Build.0 = Release|Any CPU
	EndGlobalSection
	GlobalSection(SolutionProperties) = preSolution
		HideSolutionNode = FALSE
	EndGlobalSection
	GlobalSection(ExtensibilityGlobals) = postSolution
		SolutionGuid = {DFFC15CB-F0F2-4FB7-ABB2-6BFC805D4812}
	EndGlobalSection
EndGlobal
